
Microsoft Visual Studio Solution File, Format Version 12.00
# Visual Studio Version 17
VisualStudioVersion = 17.10.34928.147
MinimumVisualStudioVersion = 10.0.40219.1
Project("{FAE04EC0-301F-11D3-BF4B-00C04F79EFBC}") = "SimpleCRUD.BL", "SimpleCRUD.BL\SimpleCRUD.BL.csproj", "{A35CC20B-9DBA-4EE9-B784-396BCD993109}"
EndProject
Project("{2150E333-8FDC-42A3-9474-1A3956D46DE8}") = "UI", "UI", "{5639CDBE-0556-4647-ACB6-BAEE8CF64025}"
EndProject
Project("{2150E333-8FDC-42A3-9474-1A3956D46DE8}") = "API", "API", "{D3E9E14C-9452-49E9-B714-D81CF7221742}"
EndProject
Project("{2150E333-8FDC-42A3-9474-1A3956D46DE8}") = "BL", "BL", "{D2623FB9-6DE0-4D85-894E-6E0CB61C11C4}"
EndProject
Project("{2150E333-8FDC-42A3-9474-1A3956D46DE8}") = "Data", "Data", "{3CF4A31E-2A0E-49BA-B081-41F1642B2D84}"
EndProject
Project("{FAE04EC0-301F-11D3-BF4B-00C04F79EFBC}") = "SimpleCRUD.API", "SimpleCRUD.API\SimpleCRUD.API.csproj", "{9E182299-C1B6-4DA2-A40E-F099F27F79F2}"
EndProject
Project("{FAE04EC0-301F-11D3-BF4B-00C04F79EFBC}") = "SimpleCRUD.UI", "SimpleCRUD.UI\SimpleCRUD.UI.csproj", "{FFA314D6-6329-40BC-9DF6-4844C57E3BB0}"
EndProject
Project("{2150E333-8FDC-42A3-9474-1A3956D46DE8}") = "Tests", "Tests", "{9BC5ABDD-E8A2-49FF-B0E5-CD261FF3A028}"
EndProject
Project("{FAE04EC0-301F-11D3-BF4B-00C04F79EFBC}") = "SimpleCRUD.Selenium", "SimpleCRUD.Selenium\SimpleCRUD.Selenium.csproj", "{88F03424-EFB3-45C0-B57D-B86A19C2289B}"
EndProject
Project("{FAE04EC0-301F-11D3-BF4B-00C04F79EFBC}") = "SimpleCRUD.Data", "SimpleCRUD.Data\SimpleCRUD.Data.csproj", "{6C4AA0F5-A742-4D27-8F13-89A0B68D6A1C}"
EndProject
Global
	GlobalSection(SolutionConfigurationPlatforms) = preSolution
		Debug|Any CPU = Debug|Any CPU
		Release|Any CPU = Release|Any CPU
	EndGlobalSection
	GlobalSection(ProjectConfigurationPlatforms) = postSolution
		{A35CC20B-9DBA-4EE9-B784-396BCD993109}.Debug|Any CPU.ActiveCfg = Debug|Any CPU
		{A35CC20B-9DBA-4EE9-B784-396BCD993109}.Debug|Any CPU.Build.0 = Debug|Any CPU
		{A35CC20B-9DBA-4EE9-B784-396BCD993109}.Release|Any CPU.ActiveCfg = Release|Any CPU
		{A35CC20B-9DBA-4EE9-B784-396BCD993109}.Release|Any CPU.Build.0 = Release|Any CPU
		{9E182299-C1B6-4DA2-A40E-F099F27F79F2}.Debug|Any CPU.ActiveCfg = Debug|Any CPU
		{9E182299-C1B6-4DA2-A40E-F099F27F79F2}.Debug|Any CPU.Build.0 = Debug|Any CPU
		{9E182299-C1B6-4DA2-A40E-F099F27F79F2}.Release|Any CPU.ActiveCfg = Release|Any CPU
		{9E182299-C1B6-4DA2-A40E-F099F27F79F2}.Release|Any CPU.Build.0 = Release|Any CPU
		{FFA314D6-6329-40BC-9DF6-4844C57E3BB0}.Debug|Any CPU.ActiveCfg = Debug|Any CPU
		{FFA314D6-6329-40BC-9DF6-4844C57E3BB0}.Debug|Any CPU.Build.0 = Debug|Any CPU
		{FFA314D6-6329-40BC-9DF6-4844C57E3BB0}.Release|Any CPU.ActiveCfg = Release|Any CPU
		{FFA314D6-6329-40BC-9DF6-4844C57E3BB0}.Release|Any CPU.Build.0 = Release|Any CPU
		{88F03424-EFB3-45C0-B57D-B86A19C2289B}.Debug|Any CPU.ActiveCfg = Debug|Any CPU
		{88F03424-EFB3-45C0-B57D-B86A19C2289B}.Debug|Any CPU.Build.0 = Debug|Any CPU
		{88F03424-EFB3-45C0-B57D-B86A19C2289B}.Release|Any CPU.ActiveCfg = Release|Any CPU
		{88F03424-EFB3-45C0-B57D-B86A19C2289B}.Release|Any CPU.Build.0 = Release|Any CPU
		{6C4AA0F5-A742-4D27-8F13-89A0B68D6A1C}.Debug|Any CPU.ActiveCfg = Debug|Any CPU
		{6C4AA0F5-A742-4D27-8F13-89A0B68D6A1C}.Debug|Any CPU.Build.0 = Debug|Any CPU
		{6C4AA0F5-A742-4D27-8F13-89A0B68D6A1C}.Release|Any CPU.ActiveCfg = Release|Any CPU
		{6C4AA0F5-A742-4D27-8F13-89A0B68D6A1C}.Release|Any CPU.Build.0 = Release|Any CPU
	EndGlobalSection
	GlobalSection(SolutionProperties) = preSolution
		HideSolutionNode = FALSE
	EndGlobalSection
	GlobalSection(NestedProjects) = preSolution
		{A35CC20B-9DBA-4EE9-B784-396BCD993109} = {D2623FB9-6DE0-4D85-894E-6E0CB61C11C4}
		{9E182299-C1B6-4DA2-A40E-F099F27F79F2} = {D3E9E14C-9452-49E9-B714-D81CF7221742}
		{FFA314D6-6329-40BC-9DF6-4844C57E3BB0} = {5639CDBE-0556-4647-ACB6-BAEE8CF64025}
		{88F03424-EFB3-45C0-B57D-B86A19C2289B} = {9BC5ABDD-E8A2-49FF-B0E5-CD261FF3A028}
		{6C4AA0F5-A742-4D27-8F13-89A0B68D6A1C} = {3CF4A31E-2A0E-49BA-B081-41F1642B2D84}
	EndGlobalSection
	GlobalSection(ExtensibilityGlobals) = postSolution
		SolutionGuid = {41D6ED2D-5462-4623-ABE8-ABDBF8080011}
	EndGlobalSection
EndGlobal
